{
  "version": 2,
  "dependencies": {
    "net9.0": {
      "GitHubActionsTestLogger": {
        "type": "Direct",
        "requested": "[2.4.1, )",
        "resolved": "2.4.1",
        "contentHash": "SH1ar/kg36CggzMqLUDRoUqR8SSjK/JiQ2JS8MYg8u0RCLDkkDEbPGIN91omOPx9f2GuDqsxxofSdgsQje3Xuw==",
        "dependencies": {
          "Microsoft.TestPlatform.ObjectModel": "17.10.0"
        }
      },
      "IDisposableAnalyzers": {
        "type": "Direct",
        "requested": "[4.0.8, )",
        "resolved": "4.0.8",
        "contentHash": "vNi4NMG0CcJyjXxiNDcQ21FwV/whM9o9OEZKD+oP7tuxAqFEzX/x5OhC3OZJqW/w+8GOtCmJPBquYgMWgz0rfQ=="
      },
      "Microsoft.Testing.Extensions.CodeCoverage": {
        "type": "Direct",
        "requested": "[18.1.0, )",
        "resolved": "18.1.0",
        "contentHash": "FJUCocHSPSjbeoGE/OojOhVUXwDng3VdNlwqzif9hMS2eFcG0f8RdjLM537aBsjP7zLHvGnWXbnUnc61v/EFCA==",
        "dependencies": {
          "Microsoft.DiaSymReader": "2.0.0",
          "Microsoft.Extensions.DependencyModel": "6.0.2",
          "Microsoft.Testing.Platform": "2.0.0"
        }
      },
      "Microsoft.Testing.Extensions.CrashDump": {
        "type": "Direct",
        "requested": "[2.0.1, )",
        "resolved": "2.0.1",
        "contentHash": "r3H6krJQ/H/hr+oDWSltLUmqa4wzak4sRSXr2kZWw5VOpziXSFM758rvIG8DPO5jaAg/e6+QAHFFrcNpK6w4Hg==",
        "dependencies": {
          "Microsoft.Testing.Extensions.TrxReport.Abstractions": "2.0.1",
          "Microsoft.Testing.Platform": "2.0.1"
        }
      },
      "Microsoft.Testing.Extensions.HangDump": {
        "type": "Direct",
        "requested": "[2.0.1, )",
        "resolved": "2.0.1",
        "contentHash": "dONFuE6Er7I5rMQreEYQx//Abai+h1ufKLa25+KlziCCo0EY8ZNsf3/Z6C/xVnQNbLIkiNhwRVW0amauAYPO8w==",
        "dependencies": {
          "Microsoft.Diagnostics.NETCore.Client": "0.2.607501",
          "Microsoft.Testing.Platform": "2.0.1"
        }
      },
      "ReflectionAnalyzers": {
        "type": "Direct",
        "requested": "[0.3.1, )",
        "resolved": "0.3.1",
        "contentHash": "Q7N3nziye+vGsDPcrKrPFjlaFhrM+1adtJcpjFeq4ufBB+uKc4kRezSK03382xpE8iNQbiRHUl+z31NW0W18FQ=="
      },
      "Roslynator.Analyzers": {
        "type": "Direct",
        "requested": "[4.14.1, )",
        "resolved": "4.14.1",
        "contentHash": "yMSjze/xMYDF6PCE60/ULWx0tttNyKAndw2KijNxbKil0FX8nvDeEneDZGma8Uifk17RlfZqIXxf1mmBmhRHjg=="
      },
      "Shouldly": {
        "type": "Direct",
        "requested": "[4.3.0, )",
        "resolved": "4.3.0",
        "contentHash": "sDetrWXrl6YXZ4HeLsdBoNk3uIa7K+V4uvIJ+cqdRa5DrFxeTED7VkjoxCuU1kJWpUuBDZz2QXFzSxBtVXLwRQ==",
        "dependencies": {
          "DiffEngine": "11.3.0",
          "EmptyFiles": "4.4.0"
        }
      },
      "TUnit": {
        "type": "Direct",
        "requested": "[0.90.6, )",
        "resolved": "0.90.6",
        "contentHash": "aq7UQTvrp0Yx6WTR+tpc5mgq6pr30KcbVvZNE/3swaoJnIajweSdAoVwo5X1j0dDn5xkC+OJuY0HHblOGtc1gg==",
        "dependencies": {
          "Microsoft.Testing.Extensions.CodeCoverage": "18.1.0",
          "Microsoft.Testing.Extensions.TrxReport": "2.0.1",
          "TUnit.Assertions": "0.90.6",
          "TUnit.Engine": "0.90.6"
        }
      },
      "AsyncFixer": {
        "type": "Transitive",
        "resolved": "1.6.0",
        "contentHash": "/Xfs9H3UMfEv64cwT+C/JrTRp4w08BmPuFbj0ageadCHpx6rxYJxAU2C6sEqRFG22xmGk5cX9ewzoiiehWVHOw=="
      },
      "Azure.Core": {
        "type": "Transitive",
        "resolved": "1.47.1",
        "contentHash": "oPcncSsDHuxB8SC522z47xbp2+ttkcKv2YZ90KXhRKN0YQd2+7l1UURT9EBzUNEXtkLZUOAB5xbByMTrYRh3yA==",
        "dependencies": {
          "Microsoft.Bcl.AsyncInterfaces": "8.0.0",
          "System.ClientModel": "1.5.1",
          "System.Memory.Data": "8.0.1"
        }
      },
      "Azure.Identity": {
        "type": "Transitive",
        "resolved": "1.14.2",
        "contentHash": "YhNMwOTwT+I2wIcJKSdP0ADyB2aK+JaYWZxO8LSRDm5w77LFr0ykR9xmt2ZV5T1gaI7xU6iNFIh/yW1dAlpddQ==",
        "dependencies": {
          "Azure.Core": "1.46.1",
          "Microsoft.Identity.Client": "4.73.1",
          "Microsoft.Identity.Client.Extensions.Msal": "4.73.1",
          "System.Memory": "4.5.5"
        }
      },
      "Dapper": {
        "type": "Transitive",
        "resolved": "2.1.66",
        "contentHash": "/q77jUgDOS+bzkmk3Vy9SiWMaetTw+NOoPAV0xPBsGVAyljd5S6P+4RUW7R3ZUGGr9lDRyPKgAMj2UAOwvqZYw=="
      },
      "DiffEngine": {
        "type": "Transitive",
        "resolved": "11.3.0",
        "contentHash": "k0ZgZqd09jLZQjR8FyQbSQE86Q7QZnjEzq1LPHtj1R2AoWO8sjV5x+jlSisL7NZAbUOI4y+7Bog8gkr9WIRBGw==",
        "dependencies": {
          "EmptyFiles": "4.4.0",
          "System.Management": "6.0.1"
        }
      },
      "EmptyFiles": {
        "type": "Transitive",
        "resolved": "4.4.0",
        "contentHash": "gwJEfIGS7FhykvtZoscwXj/XwW+mJY6UbAZk+qtLKFUGWC95kfKXnj8VkxsZQnWBxJemM/q664rGLN5nf+OHZw=="
      },
      "EnumerableAsyncProcessor": {
        "type": "Transitive",
        "resolved": "3.8.4",
        "contentHash": "KlbpupRCz3Kf+P7gsiDvFXJ980i/9lfihMZFmmxIk0Gf6mopEjy74OTJZmdaKDQpE29eQDBnMZB5khyW3eugrg=="
      },
      "FluentValidation": {
        "type": "Transitive",
        "resolved": "12.0.0",
        "contentHash": "8NVLxtMUXynRHJIX3Hn1ACovaqZIJASufXIIFkD0EUbcd5PmMsL1xUD5h548gCezJ5BzlITaR9CAMrGe29aWpA=="
      },
      "MediatR": {
        "type": "Transitive",
        "resolved": "13.1.0",
        "contentHash": "YkKqc0a5ZyZ7ccVyf+cuO2M6UYLduldVTN5oI0nvk3SnthyLD0nSy6vhpPQtf3ovcNOsPo+qjMqaUThe4wGeCA==",
        "dependencies": {
          "MediatR.Contracts": "[2.0.1, 3.0.0)",
          "Microsoft.Extensions.DependencyInjection.Abstractions": "8.0.0",
          "Microsoft.Extensions.Logging.Abstractions": "8.0.0",
          "Microsoft.IdentityModel.JsonWebTokens": "8.14.0"
        }
      },
      "MediatR.Contracts": {
        "type": "Transitive",
        "resolved": "2.0.1",
        "contentHash": "FYv95bNT4UwcNA+G/J1oX5OpRiSUxteXaUt2BJbRSdRNiIUNbggJF69wy6mnk2wYToaanpdXZdCwVylt96MpwQ=="
      },
      "Microsoft.Bcl.AsyncInterfaces": {
        "type": "Transitive",
        "resolved": "8.0.0",
        "contentHash": "3WA9q9yVqJp222P3x1wYIGDAkpjAku0TMUaaQV22g6L67AI0LdOIrVS7Ht2vJfLHGSPVuqN94vIr15qn+HEkHw=="
      },
      "Microsoft.Bcl.Cryptography": {
        "type": "Transitive",
        "resolved": "9.0.4",
        "contentHash": "YgZYAWzyNuPVtPq6WNm0bqOWNjYaWgl5mBWTGZyNoXitYBUYSp6iUB9AwK0V1mo793qRJUXz2t6UZrWITZSvuQ=="
      },
      "Microsoft.Data.SqlClient": {
        "type": "Transitive",
        "resolved": "6.1.2",
        "contentHash": "q0GxRC0fgwfZgU14pU34ro0MW7Gs8S6NDmKCcEqymvZljT8UQa633BbEmk/Rb5upNF9NHZ3/jVm7zLiWbM8uTA==",
        "dependencies": {
          "Azure.Core": "1.47.1",
          "Azure.Identity": "1.14.2",
          "Microsoft.Bcl.Cryptography": "9.0.4",
          "Microsoft.Data.SqlClient.SNI.runtime": "6.0.2",
          "Microsoft.Extensions.Caching.Memory": "9.0.4",
          "Microsoft.IdentityModel.JsonWebTokens": "7.7.1",
          "Microsoft.IdentityModel.Protocols.OpenIdConnect": "7.7.1",
          "Microsoft.SqlServer.Server": "1.0.0",
          "System.Configuration.ConfigurationManager": "9.0.4",
          "System.Security.Cryptography.Pkcs": "9.0.4",
          "System.Text.Json": "9.0.5"
        }
      },
      "Microsoft.Data.SqlClient.SNI.runtime": {
        "type": "Transitive",
        "resolved": "6.0.2",
        "contentHash": "f+pRODTWX7Y67jXO3T5S2dIPZ9qMJNySjlZT/TKmWVNWe19N8jcWmHaqHnnchaq3gxEKv1SWVY5EFzOD06l41w=="
      },
      "Microsoft.Data.Sqlite": {
        "type": "Transitive",
        "resolved": "9.0.10",
        "contentHash": "1waeeEEM/Dp5l2laUByEEWfd6qyI00HExDduhLKGT2kPnHArjIDcMf2z9HIjeLPoR56iBHhvXTfAv1hiH/wAAQ==",
        "dependencies": {
          "Microsoft.Data.Sqlite.Core": "9.0.10",
          "SQLitePCLRaw.bundle_e_sqlite3": "2.1.10",
          "SQLitePCLRaw.core": "2.1.10"
        }
      },
      "Microsoft.Data.Sqlite.Core": {
        "type": "Transitive",
        "resolved": "9.0.10",
        "contentHash": "tWbN2uzG4uBxxMjcHA3Oa9ecAYjyRTfDwRbgQ7ueyx7eEgyYbBiKADY2rllF8wO3dHUvN+/8fgylwSGMfiCtVg==",
        "dependencies": {
          "SQLitePCLRaw.core": "2.1.10"
        }
      },
      "Microsoft.Diagnostics.NETCore.Client": {
        "type": "Transitive",
        "resolved": "0.2.607501",
        "contentHash": "17Yxzao41A1oZZ5lCCAnnXOy9up5i/GVEGazBjJAUZ4UISsNAotUt6h7zvCDgfKIC46CD7jszgLzLZoscSIJQA==",
        "dependencies": {
          "Microsoft.Extensions.Logging.Abstractions": "6.0.4"
        }
      },
      "Microsoft.DiaSymReader": {
        "type": "Transitive",
        "resolved": "2.0.0",
        "contentHash": "QcZrCETsBJqy/vQpFtJc+jSXQ0K5sucQ6NUFbTNVHD4vfZZOwjZ/3sBzczkC4DityhD3AVO/+K/+9ioLs1AgRA=="
      },
      "Microsoft.Extensions.Caching.Abstractions": {
        "type": "Transitive",
        "resolved": "9.0.4",
        "contentHash": "imcZ5BGhBw5mNsWLepBbqqumWaFe0GtvyCvne2/2wsDIBRa2+Lhx4cU/pKt/4BwOizzUEOls2k1eOJQXHGMalg==",
        "dependencies": {
          "Microsoft.Extensions.Primitives": "9.0.4"
        }
      },
      "Microsoft.Extensions.Caching.Memory": {
        "type": "Transitive",
        "resolved": "9.0.4",
        "contentHash": "G5rEq1Qez5VJDTEyRsRUnewAspKjaY57VGsdZ8g8Ja6sXXzoiI3PpTd1t43HjHqNWD5A06MQveb2lscn+2CU+w==",
        "dependencies": {
          "Microsoft.Extensions.Caching.Abstractions": "9.0.4",
          "Microsoft.Extensions.DependencyInjection.Abstractions": "9.0.4",
          "Microsoft.Extensions.Logging.Abstractions": "9.0.4",
          "Microsoft.Extensions.Options": "9.0.4",
          "Microsoft.Extensions.Primitives": "9.0.4"
        }
      },
      "Microsoft.Extensions.DependencyInjection.Abstractions": {
        "type": "Transitive",
        "resolved": "9.0.10",
        "contentHash": "r9waLiOPe9ZF1PvzUT+RDoHvpMmY8MW+lb4lqjYGObwKpnyPMLI3odVvlmshwuZcdoHynsGWOrCPA0hxZ63lIA=="
      },
      "Microsoft.Extensions.DependencyModel": {
        "type": "Transitive",
        "resolved": "6.0.2",
        "contentHash": "HS5YsudCGSVoCVdsYJ5FAO9vx0z04qSAXgVzpDJSQ1/w/X9q8hrQVGU2p+Yfui+2KcXLL+Zjc0SX3yJWtBmYiw==",
        "dependencies": {
          "System.Buffers": "4.5.1",
          "System.Memory": "4.5.4",
          "System.Runtime.CompilerServices.Unsafe": "6.0.0",
          "System.Text.Encodings.Web": "6.0.1",
          "System.Text.Json": "6.0.11"
        }
      },
      "Microsoft.Extensions.Logging.Abstractions": {
        "type": "Transitive",
        "resolved": "9.0.10",
        "contentHash": "MFUPv/nN1rAQ19w43smm6bbf0JDYN/1HEPHoiMYY50pvDMFpglzWAuoTavByDmZq7UuhjaxwrET3joU69ZHoHQ==",
        "dependencies": {
          "Microsoft.Extensions.DependencyInjection.Abstractions": "9.0.10"
        }
      },
      "Microsoft.Extensions.Options": {
        "type": "Transitive",
        "resolved": "9.0.4",
        "contentHash": "fiFI2+58kicqVZyt/6obqoFwHiab7LC4FkQ3mmiBJ28Yy4fAvy2+v9MRnSvvlOO8chTOjKsdafFl/K9veCPo5g==",
        "dependencies": {
          "Microsoft.Extensions.DependencyInjection.Abstractions": "9.0.4",
          "Microsoft.Extensions.Primitives": "9.0.4"
        }
      },
      "Microsoft.Extensions.Primitives": {
        "type": "Transitive",
        "resolved": "9.0.4",
        "contentHash": "SPFyMjyku1nqTFFJ928JAMd0QnRe4xjE7KeKnZMWXf3xk+6e0WiOZAluYtLdbJUXtsl2cCRSi8cBquJ408k8RA=="
      },
      "Microsoft.Identity.Client": {
        "type": "Transitive",
        "resolved": "4.73.1",
        "contentHash": "NnDLS8QwYqO5ZZecL2oioi1LUqjh5Ewk4bMLzbgiXJbQmZhDLtKwLxL3DpGMlQAJ2G4KgEnvGPKa+OOgffeJbw==",
        "dependencies": {
          "Microsoft.IdentityModel.Abstractions": "6.35.0",
          "System.Diagnostics.DiagnosticSource": "6.0.1"
        }
      },
      "Microsoft.Identity.Client.Extensions.Msal": {
        "type": "Transitive",
        "resolved": "4.73.1",
        "contentHash": "xDztAiV2F0wI0W8FLKv5cbaBefyLD6JVaAsvgSN7bjWNCzGYzHbcOEIP5s4TJXUpQzMfUyBsFl1mC6Zmgpz0PQ==",
        "dependencies": {
          "Microsoft.Identity.Client": "4.73.1",
          "System.Security.Cryptography.ProtectedData": "4.5.0"
        }
      },
      "Microsoft.IdentityModel.Abstractions": {
        "type": "Transitive",
        "resolved": "8.14.0",
        "contentHash": "iwbCpSjD3ehfTwBhtSNEtKPK0ICun6ov7Ibx6ISNA9bfwIyzI2Siwyi9eJFCJBwxowK9xcA1mj+jBWiigeqgcQ=="
      },
      "Microsoft.IdentityModel.JsonWebTokens": {
        "type": "Transitive",
        "resolved": "8.14.0",
        "contentHash": "4jOpiA4THdtpLyMdAb24dtj7+6GmvhOhxf5XHLYWmPKF8ApEnApal1UnJsKO4HxUWRXDA6C4WQVfYyqsRhpNpQ==",
        "dependencies": {
          "Microsoft.IdentityModel.Tokens": "8.14.0"
        }
      },
      "Microsoft.IdentityModel.Logging": {
        "type": "Transitive",
        "resolved": "8.14.0",
        "contentHash": "eqqnemdW38CKZEHS6diA50BV94QICozDZEvSrsvN3SJXUFwVB9gy+/oz76gldP7nZliA16IglXjXTCTdmU/Ejg==",
        "dependencies": {
          "Microsoft.IdentityModel.Abstractions": "8.14.0"
        }
      },
      "Microsoft.IdentityModel.Protocols": {
        "type": "Transitive",
        "resolved": "7.7.1",
        "contentHash": "h+fHHBGokepmCX+QZXJk4Ij8OApCb2n2ktoDkNX5CXteXsOxTHMNgjPGpAwdJMFvAL7TtGarUnk3o97NmBq2QQ==",
        "dependencies": {
          "Microsoft.IdentityModel.Tokens": "7.7.1"
        }
      },
      "Microsoft.IdentityModel.Protocols.OpenIdConnect": {
        "type": "Transitive",
        "resolved": "7.7.1",
        "contentHash": "yT2Hdj8LpPbcT9C9KlLVxXl09C8zjFaVSaApdOwuecMuoV4s6Sof/mnTDz/+F/lILPIBvrWugR9CC7iRVZgbfQ==",
        "dependencies": {
          "Microsoft.IdentityModel.Protocols": "7.7.1",
          "System.IdentityModel.Tokens.Jwt": "7.7.1"
        }
      },
      "Microsoft.IdentityModel.Tokens": {
        "type": "Transitive",
        "resolved": "8.14.0",
        "contentHash": "lKIZiBiGd36k02TCdMHp1KlNWisyIvQxcYJvIkz7P4gSQ9zi8dgh6S5Grj8NNG7HWYIPfQymGyoZ6JB5d1Lo1g==",
        "dependencies": {
          "Microsoft.Extensions.Logging.Abstractions": "8.0.0",
          "Microsoft.IdentityModel.Logging": "8.14.0"
        }
      },
      "Microsoft.SqlServer.Server": {
        "type": "Transitive",
        "resolved": "1.0.0",
        "contentHash": "N4KeF3cpcm1PUHym1RmakkzfkEv3GRMyofVv40uXsQhCQeglr2OHNcUk2WOG51AKpGO8ynGpo9M/kFXSzghwug=="
      },
      "Microsoft.Testing.Extensions.TrxReport": {
        "type": "Transitive",
        "resolved": "2.0.1",
        "contentHash": "8XsUmt8RfelkKggTZm/HfrTtY3pnT1/Rfmi4xxPbx9ko5fToxnpsDH3uvU6LwxKff41WQAABNN0K/qdLdk5FaQ==",
        "dependencies": {
          "Microsoft.Testing.Extensions.TrxReport.Abstractions": "2.0.1",
          "Microsoft.Testing.Platform": "2.0.1"
        }
      },
      "Microsoft.Testing.Extensions.TrxReport.Abstractions": {
        "type": "Transitive",
        "resolved": "2.0.1",
        "contentHash": "GCyRVLdFiOlGkgZItt2kHJRn/NY9zhEF5EQwjFCOl6fwr+uSy0KtwwGHF5uERevjEEBTqRbj4wwrraAqRyq1Zw==",
        "dependencies": {
          "Microsoft.Testing.Platform": "2.0.1"
        }
      },
      "Microsoft.Testing.Platform": {
        "type": "Transitive",
        "resolved": "2.0.1",
        "contentHash": "k1k9DV/pzkhiG0LOokmrBf63BBhgUoHcjsOA6C0S26hiO+prcUIw4wpbzrUGrwMmJlo1P0idxJtiFEAZdvNwxQ=="
      },
      "Microsoft.Testing.Platform.MSBuild": {
        "type": "Transitive",
        "resolved": "2.0.1",
        "contentHash": "zI8svKM2d1wAu20u+cMRo13oJv4uyPcCmVZixvKk+W34d1F7hH2msEzyQ4zv3NEliE60JMM9cdDxWcA3yU2oAA==",
        "dependencies": {
          "Microsoft.Testing.Platform": "2.0.1"
        }
      },
      "Microsoft.TestPlatform.ObjectModel": {
        "type": "Transitive",
        "resolved": "17.10.0",
        "contentHash": "KkwhjQevuDj0aBRoPLY6OLAhGqbPUEBuKLbaCs0kUVw29qiOYncdORd4mLVJbn9vGZ7/iFGQ/+AoJl0Tu5Umdg==",
        "dependencies": {
          "System.Reflection.Metadata": "1.6.0"
        }
      },
      "MinVer": {
        "type": "Transitive",
        "resolved": "6.0.0",
        "contentHash": "+/SsmiySsXJlvQLCGBqaZKNVt3s/Y/HbAdwtop7Km2CnuZbaScoqkWJEBQ5Cy9ebkn6kCYKrHsXgwrFdTgcb3g=="
      },
      "Npgsql": {
        "type": "Transitive",
        "resolved": "9.0.4",
        "contentHash": "68BASXH0FAEuL/J4J0eRfYC8/3vzqQTmoW8zDzNf0JgaVxc7LZeEkS6jaG0ib3voFLxY5ZiCwJG+uQM+mzuu0Q==",
        "dependencies": {
          "Microsoft.Extensions.Logging.Abstractions": "8.0.2"
        }
      },
      "SQLitePCLRaw.bundle_e_sqlite3": {
        "type": "Transitive",
        "resolved": "2.1.10",
        "contentHash": "UxWuisvZ3uVcVOLJQv7urM/JiQH+v3TmaJc1BLKl5Dxfm/nTzTUrqswCqg/INiYLi61AXnHo1M1JPmPqqLnAdg==",
        "dependencies": {
          "SQLitePCLRaw.lib.e_sqlite3": "2.1.10",
          "SQLitePCLRaw.provider.e_sqlite3": "2.1.10"
        }
      },
      "SQLitePCLRaw.core": {
        "type": "Transitive",
        "resolved": "2.1.10",
        "contentHash": "Ii8JCbC7oiVclaE/mbDEK000EFIJ+ShRPwAvvV89GOZhQ+ZLtlnSWl6ksCNMKu/VGXA4Nfi2B7LhN/QFN9oBcw==",
        "dependencies": {
          "System.Memory": "4.5.3"
        }
      },
      "SQLitePCLRaw.lib.e_sqlite3": {
        "type": "Transitive",
        "resolved": "2.1.10",
        "contentHash": "mAr69tDbnf3QJpRy2nJz8Qdpebdil00fvycyByR58Cn9eARvR+UiG2Vzsp+4q1tV3ikwiYIjlXCQFc12GfebbA=="
      },
      "SQLitePCLRaw.provider.e_sqlite3": {
        "type": "Transitive",
        "resolved": "2.1.10",
        "contentHash": "uZVTi02C1SxqzgT0HqTWatIbWGb40iIkfc3FpFCpE/r7g6K0PqzDUeefL6P6HPhDtc6BacN3yQysfzP7ks+wSQ==",
        "dependencies": {
          "SQLitePCLRaw.core": "2.1.10"
        }
      },
      "System.Buffers": {
        "type": "Transitive",
        "resolved": "4.5.1",
        "contentHash": "Rw7ijyl1qqRS0YQD/WycNst8hUUMgrMH4FCn1nNm27M4VxchZ1js3fVjQaANHO5f3sN4isvP4a+Met9Y4YomAg=="
      },
      "System.ClientModel": {
        "type": "Transitive",
        "resolved": "1.5.1",
        "contentHash": "k2jKSO0X45IqhVOT9iQB4xralNN9foRQsRvXBTyRpAVxyzCJlG895T9qYrQWbcJ6OQXxOouJQ37x5nZH5XKK+A==",
        "dependencies": {
          "Microsoft.Extensions.Logging.Abstractions": "8.0.3",
          "System.Memory.Data": "8.0.1"
        }
      },
      "System.CodeDom": {
        "type": "Transitive",
        "resolved": "6.0.0",
        "contentHash": "CPc6tWO1LAer3IzfZufDBRL+UZQcj5uS207NHALQzP84Vp/z6wF0Aa0YZImOQY8iStY0A2zI/e3ihKNPfUm8XA=="
      },
      "System.Configuration.ConfigurationManager": {
        "type": "Transitive",
        "resolved": "9.0.4",
        "contentHash": "dvjqKp+2LpGid6phzrdrS/2mmEPxFl3jE1+L7614q4ZChKbLJCpHXg6sBILlCCED1t//EE+un/UdAetzIMpqnw==",
        "dependencies": {
          "System.Diagnostics.EventLog": "9.0.4",
          "System.Security.Cryptography.ProtectedData": "9.0.4"
        }
      },
      "System.Diagnostics.DiagnosticSource": {
        "type": "Transitive",
        "resolved": "6.0.1",
        "contentHash": "KiLYDu2k2J82Q9BJpWiuQqCkFjRBWVq4jDzKKWawVi9KWzyD0XG3cmfX0vqTQlL14Wi9EufJrbL0+KCLTbqWiQ==",
        "dependencies": {
          "System.Runtime.CompilerServices.Unsafe": "6.0.0"
        }
      },
      "System.Diagnostics.EventLog": {
        "type": "Transitive",
        "resolved": "9.0.4",
        "contentHash": "getRQEXD8idlpb1KW56XuxImMy0FKp2WJPDf3Qr0kI/QKxxJSftqfDFVo0DZ3HCJRLU73qHSruv5q2l5O47jQQ=="
      },
      "System.IdentityModel.Tokens.Jwt": {
        "type": "Transitive",
        "resolved": "7.7.1",
        "contentHash": "rQkO1YbAjLwnDJSMpRhRtrc6XwIcEOcUvoEcge+evurpzSZM3UNK+MZfD3sKyTlYsvknZ6eJjSBfnmXqwOsT9Q==",
        "dependencies": {
          "Microsoft.IdentityModel.JsonWebTokens": "7.7.1",
          "Microsoft.IdentityModel.Tokens": "7.7.1"
        }
      },
      "System.Management": {
        "type": "Transitive",
        "resolved": "6.0.1",
        "contentHash": "10J1D0h/lioojphfJ4Fuh5ZUThT/xOVHdV9roGBittKKNP2PMjrvibEdbVTGZcPra1399Ja3tqIJLyQrc5Wmhg==",
        "dependencies": {
          "System.CodeDom": "6.0.0"
        }
      },
      "System.Memory": {
        "type": "Transitive",
        "resolved": "4.5.5",
        "contentHash": "XIWiDvKPXaTveaB7HVganDlOCRoj03l+jrwNvcge/t8vhGYKvqV+dMv6G4SAX2NoNmN0wZfVPTAlFwZcZvVOUw=="
      },
      "System.Memory.Data": {
        "type": "Transitive",
        "resolved": "8.0.1",
        "contentHash": "BVYuec3jV23EMRDeR7Dr1/qhx7369dZzJ9IWy2xylvb4YfXsrUxspWc4UWYid/tj4zZK58uGZqn2WQiaDMhmAg=="
      },
      "System.Reflection.Metadata": {
        "type": "Transitive",
        "resolved": "1.6.0",
        "contentHash": "COC1aiAJjCoA5GBF+QKL2uLqEBew4JsCkQmoHKbN3TlOZKa2fKLz5CpiRQKDz0RsAOEGsVKqOD5bomsXq/4STQ=="
      },
      "System.Runtime.CompilerServices.Unsafe": {
        "type": "Transitive",
        "resolved": "6.0.0",
        "contentHash": "/iUeP3tq1S0XdNNoMz5C9twLSrM/TH+qElHkXWaPvuNOt+99G75NrV0OS2EqHx5wMN7popYjpc8oTjC1y16DLg=="
      },
      "System.Security.Cryptography.Pkcs": {
        "type": "Transitive",
        "resolved": "9.0.4",
        "contentHash": "cUFTcMlz/Qw9s90b2wnWSCvHdjv51Bau9FQqhsr4TlwSe1OX+7SoXUqphis5G74MLOvMOCghxPPlEqOdCrVVGA=="
      },
      "System.Security.Cryptography.ProtectedData": {
        "type": "Transitive",
        "resolved": "9.0.4",
        "contentHash": "o94k2RKuAce3GeDMlUvIXlhVa1kWpJw95E6C9LwW0KlG0nj5+SgCiIxJ2Eroqb9sLtG1mEMbFttZIBZ13EJPvQ=="
      },
      "System.Text.Encodings.Web": {
        "type": "Transitive",
        "resolved": "6.0.1",
        "contentHash": "E5M5AE2OUTlCrf4omZvzzziUJO9CofBl+lXHaN5IKePPJvHqYFYYpaDPgCpR4VwaFbEebfnjOxxEBtPtsqAxpQ=="
      },
      "System.Text.Json": {
        "type": "Transitive",
        "resolved": "9.0.5",
        "contentHash": "rnP61ZfloTgPQPe7ecr36loNiGX3g1PocxlKHdY/FUpDSsExKkTxpMAlB4X35wNEPr1X7mkYZuQvW3Lhxmu7KA=="
      },
      "TUnit.Assertions": {
        "type": "Transitive",
        "resolved": "0.90.6",
        "contentHash": "ik/z2/rJBmRk+QwUh+iH1Xnf3RJkwf/EiS3CEa6eqlBPofNaiu08OIoxkwG3+Z8Y+0G1r9+QieGpwaKfS/SVdQ=="
      },
      "TUnit.Core": {
        "type": "Transitive",
        "resolved": "0.90.6",
        "contentHash": "Rh6KJdA/DZWP8QOSK8JWSt2heSAmuK5TQn0cjxsGDRzgXBL3kHryFnndwW7D1Tp0LJw4XFal4Ksoxnr03E0xqA=="
      },
      "TUnit.Engine": {
        "type": "Transitive",
        "resolved": "0.90.6",
        "contentHash": "0l+GaIzODJmGJXrLbG8XUATr9bXiZcf4JgOxGKeK2YAdsqts8K38QXQIV3qx9U7IcGtflJe3IJ6Bi4ZdLaXdjg==",
        "dependencies": {
          "EnumerableAsyncProcessor": "3.8.4",
          "Microsoft.Testing.Extensions.TrxReport.Abstractions": "2.0.1",
          "Microsoft.Testing.Platform": "2.0.1",
          "Microsoft.Testing.Platform.MSBuild": "2.0.1",
          "TUnit.Core": "0.90.6"
        }
      },
      "dappery.core": {
        "type": "Project",
        "dependencies": {
          "AsyncFixer": "[1.6.0, )",
          "Dappery.Domain": "[1.0.0, )",
          "FluentValidation": "[12.0.0, )",
          "IDisposableAnalyzers": "[4.0.8, )",
          "MediatR": "[13.1.0, )",
          "Microsoft.Extensions.Logging.Abstractions": "[9.0.10, )",
          "MinVer": "[6.0.0, )",
          "ReflectionAnalyzers": "[0.3.1, )"
        }
      },
      "dappery.data": {
        "type": "Project",
        "dependencies": {
          "AsyncFixer": "[1.6.0, )",
          "Dapper": "[2.1.66, )",
          "Dappery.Core": "[1.0.0, )",
          "IDisposableAnalyzers": "[4.0.8, )",
          "Microsoft.Data.SqlClient": "[6.1.2, )",
          "Microsoft.Data.Sqlite": "[9.0.10, )",
          "MinVer": "[6.0.0, )",
          "Npgsql": "[9.0.4, )",
          "ReflectionAnalyzers": "[0.3.1, )"
        }
      },
      "dappery.domain": {
        "type": "Project",
        "dependencies": {
          "AsyncFixer": "[1.6.0, )",
          "IDisposableAnalyzers": "[4.0.8, )",
          "MinVer": "[6.0.0, )",
          "ReflectionAnalyzers": "[0.3.1, )"
        }
      }
    }
  }
}